
Microsoft Visual Studio Solution File, Format Version 12.00
# Visual Studio Version 17
VisualStudioVersion = 17.0.32126.317
MinimumVisualStudioVersion = 10.0.40219.1
Project("{FAE04EC0-301F-11D3-BF4B-00C04F79EFBC}") = "TextSpacingMod", "TextSpacingMod.csproj", "{1AA79D2B-DDED-420E-904F-DD21334C0BF0}"
EndProject
Global
	GlobalSection(SolutionConfigurationPlatforms) = preSolution
		Debug|Any CPU = Debug|Any CPU
		Release|Any CPU = Release|Any CPU
	EndGlobalSection
	GlobalSection(ProjectConfigurationPlatforms) = postSolution
		{1AA79D2B-DDED-420E-904F-DD21334C0BF0}.Debug|Any CPU.ActiveCfg = Debug|Any CPU
		{1AA79D2B-DDED-420E-904F-DD21334C0BF0}.Debug|Any CPU.Build.0 = Debug|Any CPU
		{1AA79D2B-DDED-420E-904F-DD21334C0BF0}.Release|Any CPU.ActiveCfg = Release|Any CPU
		{1AA79D2B-DDED-420E-904F-DD21334C0BF0}.Release|Any CPU.Build.0 = Release|Any CPU
	EndGlobalSection
	GlobalSection(SolutionProperties) = preSolution
		HideSolutionNode = FALSE
	EndGlobalSection
	GlobalSection(ExtensibilityGlobals) = postSolution
		SolutionGuid = {853BD44A-BCB7-4588-B55B-09C6F8163280}
	EndGlobalSection
EndGlobal
